<?xml version="1.0" encoding="utf-8"?>
<Project ToolsVersion="4.0" xmlns="http://schemas.microsoft.com/developer/msbuild/2003">
  <ItemGroup>
    <Filter Include="Private">
      <UniqueIdentifier>{4FC737F1-C7A5-4376-A066-2A32D752A2FF}</UniqueIdentifier>
      <Extensions>cpp;c;cc;cxx;def;odl;idl;hpj;bat;asm;asmx</Extensions>
    </Filter>
    <Filter Include="Private\Component">
      <UniqueIdentifier>{50c8f508-f93c-41f6-a6a2-acdad096639d}</UniqueIdentifier>
    </Filter>
    <Filter Include="Private\Static">
      <UniqueIdentifier>{dbc30ae1-9da1-4bfe-8861-d05877763210}</UniqueIdentifier>
    </Filter>
    <Filter Include="Private\Entity">
      <UniqueIdentifier>{cc183dd4-d8b5-4fc3-b145-8501a92abf19}</UniqueIdentifier>
    </Filter>
    <Filter Include="Private\System">
      <UniqueIdentifier>{9b35bb64-f9ba-4d31-bec8-1a60077f5d22}</UniqueIdentifier>
    </Filter>
    <Filter Include="Public">
      <UniqueIdentifier>{93995380-89BD-4b04-88EB-625FBE52EBFB}</UniqueIdentifier>
      <Extensions>h;hh;hpp;hxx;hm;inl;inc;xsd</Extensions>
    </Filter>
    <Filter Include="Public\Component">
      <UniqueIdentifier>{8a5aa52d-df30-4ca6-9142-81258073bfa6}</UniqueIdentifier>
    </Filter>
    <Filter Include="Public\Static">
      <UniqueIdentifier>{c01ede6c-dc6b-422c-846f-9088c45f833e}</UniqueIdentifier>
    </Filter>
    <Filter Include="Public\Static\Module">
      <UniqueIdentifier>{e3d2e8f7-2047-4372-9e54-30b7f2c7087a}</UniqueIdentifier>
    </Filter>
    <Filter Include="Public\Entity">
      <UniqueIdentifier>{016553c1-2066-462d-b432-713459cf94f8}</UniqueIdentifier>
    </Filter>
    <Filter Include="Public\System">
      <UniqueIdentifier>{450cbe3f-1430-461f-83ae-ad6403013e69}</UniqueIdentifier>
    </Filter>
    <Filter Include="Private\Static\Module">
      <UniqueIdentifier>{bf14fc38-b008-46e0-8398-ef2d2194beaf}</UniqueIdentifier>
    </Filter>
  </ItemGroup>
  <ItemGroup>
    <ClCompile Include="Main.cpp" />
    <ClCompile Include="Static\AssetLoader.cpp">
      <Filter>Private\Static</Filter>
    </ClCompile>
    <ClCompile Include="Static\EntityManager.cpp">
      <Filter>Private\Static</Filter>
    </ClCompile>
    <ClCompile Include="Static\Renderer.cpp">
      <Filter>Private\Static</Filter>
    </ClCompile>
    <ClCompile Include="Static\Module\Window.cpp">
      <Filter>Private\Static\Module</Filter>
    </ClCompile>
    <ClCompile Include="Static\Module\ShaderManager.cpp">
      <Filter>Private\Static\Module</Filter>
    </ClCompile>
    <ClCompile Include="Static\Module\NameBank.cpp">
      <Filter>Private\Static\Module</Filter>
    </ClCompile>
    <ClCompile Include="Static\Module\Console.cpp">
      <Filter>Private\Static\Module</Filter>
    </ClCompile>
    <ClCompile Include="Component\Camera.cpp">
      <Filter>Private\Component</Filter>
    </ClCompile>
    <ClCompile Include="Component\Light.cpp">
      <Filter>Private\Component</Filter>
    </ClCompile>
    <ClCompile Include="Component\Model.cpp">
      <Filter>Private\Component</Filter>
    </ClCompile>
    <ClCompile Include="Component\Transform.cpp">
      <Filter>Private\Component</Filter>
    </ClCompile>
    <ClCompile Include="Entity\Entity.cpp">
      <Filter>Private\Entity</Filter>
    </ClCompile>
    <ClCompile Include="Entity\Identifier.cpp">
      <Filter>Private\Entity</Filter>
    </ClCompile>
    <ClCompile Include="Component\Debug\Line.cpp">
      <Filter>Private\Component</Filter>
    </ClCompile>
    <ClCompile Include="Component\Debug\Axis.cpp">
      <Filter>Private\Component</Filter>
    </ClCompile>
    <ClCompile Include="Component\Debug\Grid.cpp">
      <Filter>Private\Component</Filter>
    </ClCompile>
    <ClCompile Include="Component\Debug\Noclip.cpp">
      <Filter>Private\Component</Filter>
    </ClCompile>
    <ClCompile Include="Component\Box2d.cpp">
      <Filter>Private</Filter>
    </ClCompile>
  </ItemGroup>
  <ItemGroup>
    <ClInclude Include="Setup.hpp" />
    <ClInclude Include="Static\AssetLoader.hpp">
      <Filter>Public\Static</Filter>
    </ClInclude>
    <ClInclude Include="Static\DebugOutput.hpp">
      <Filter>Public\Static</Filter>
    </ClInclude>
    <ClInclude Include="Static\Renderer.hpp">
      <Filter>Public\Static</Filter>
    </ClInclude>
    <ClInclude Include="Static\Module\Window.hpp">
      <Filter>Public\Static\Module</Filter>
    </ClInclude>
    <ClInclude Include="Static\Module\SystemHandler.hpp">
      <Filter>Public\Static\Module</Filter>
    </ClInclude>
    <ClInclude Include="Static\Module\StateMachine.hpp">
      <Filter>Public\Static\Module</Filter>
    </ClInclude>
    <ClInclude Include="Static\Module\ShaderManager.hpp">
      <Filter>Public\Static\Module</Filter>
    </ClInclude>
    <ClInclude Include="Static\Module\NameBank.hpp">
      <Filter>Public\Static\Module</Filter>
    </ClInclude>
    <ClInclude Include="Static\Module\Console.hpp">
      <Filter>Public\Static\Module</Filter>
    </ClInclude>
    <ClInclude Include="Component\Camera.hpp">
      <Filter>Public\Component</Filter>
    </ClInclude>
    <ClInclude Include="Component\Light.hpp">
      <Filter>Public\Component</Filter>
    </ClInclude>
    <ClInclude Include="Component\Model.hpp">
      <Filter>Public\Component</Filter>
    </ClInclude>
    <ClInclude Include="Component\Transform.hpp">
      <Filter>Public\Component</Filter>
    </ClInclude>
    <ClInclude Include="Static\EntityManager.hpp">
      <Filter>Public\Static</Filter>
    </ClInclude>
    <ClInclude Include="Entity\Identifier.hpp">
      <Filter>Public\Entity</Filter>
    </ClInclude>
    <ClInclude Include="Entity\Component.hpp">
      <Filter>Public\Entity</Filter>
    </ClInclude>
    <ClInclude Include="Entity\Entity.hpp">
      <Filter>Public\Entity</Filter>
    </ClInclude>
    <ClInclude Include="Entity\HelperComponent.hpp">
      <Filter>Public\Entity</Filter>
    </ClInclude>
    <ClInclude Include="Component\Debug\Line.hpp">
      <Filter>Public\Component</Filter>
    </ClInclude>
    <ClInclude Include="Component\Debug\Axis.hpp">
      <Filter>Public\Component</Filter>
    </ClInclude>
    <ClInclude Include="Component\Debug\Noclip.hpp">
      <Filter>Public\Component</Filter>
    </ClInclude>
    <ClInclude Include="Component\Debug\Grid.hpp">
      <Filter>Public\Component</Filter>
    </ClInclude>
    <ClInclude Include="Component\Box2d.hpp">
      <Filter>Public</Filter>
    </ClInclude>
    <ClInclude Include="Static\Module\SDLFunctions.hpp">
      <Filter>Public</Filter>
    </ClInclude>
  </ItemGroup>
</Project>