<?xml version="1.0" encoding="utf-8"?>
<Project ToolsVersion="4.0" xmlns="http://schemas.microsoft.com/developer/msbuild/2003">
  <ItemGroup>
    <Filter Include="Private">
      <UniqueIdentifier>{4FC737F1-C7A5-4376-A066-2A32D752A2FF}</UniqueIdentifier>
      <Extensions>cpp;c;cc;cxx;def;odl;idl;hpj;bat;asm;asmx</Extensions>
    </Filter>
    <Filter Include="Public">
      <UniqueIdentifier>{93995380-89BD-4b04-88EB-625FBE52EBFB}</UniqueIdentifier>
      <Extensions>h;hh;hpp;hxx;hm;inl;inc;xsd</Extensions>
    </Filter>
  </ItemGroup>
  <ItemGroup>
    <ClCompile Include="Setup.cpp" />
    <ClCompile Include="Velocity.cpp">
      <Filter>Private</Filter>
    </ClCompile>
    <ClCompile Include="MathsDemo.cpp">
      <Filter>Private</Filter>
    </ClCompile>
    <ClCompile Include="Box2d.cpp">
      <Filter>Private</Filter>
    </ClCompile>
    <ClCompile Include="Circle2d.cpp">
      <Filter>Private</Filter>
    </ClCompile>
    <ClCompile Include="CollisionSystem.cpp">
      <Filter>Private</Filter>
    </ClCompile>
    <ClCompile Include="Box3d.cpp">
      <Filter>Private</Filter>
    </ClCompile>
  </ItemGroup>
  <ItemGroup>
    <ClInclude Include="Velocity.hpp">
      <Filter>Public</Filter>
    </ClInclude>
    <ClInclude Include="MathsDemo.hpp">
      <Filter>Public</Filter>
    </ClInclude>
    <ClInclude Include="Box2d.hpp">
      <Filter>Public</Filter>
    </ClInclude>
    <ClInclude Include="Circle2d.hpp">
      <Filter>Public</Filter>
    </ClInclude>
    <ClInclude Include="CollisionSystem.hpp">
      <Filter>Public</Filter>
    </ClInclude>
    <ClInclude Include="Collider.hpp">
      <Filter>Public</Filter>
    </ClInclude>
    <ClInclude Include="Box3d.hpp">
      <Filter>Public</Filter>
    </ClInclude>
  </ItemGroup>
</Project>